uuid: bedf1637-94fb-4604-9bdf-46d2d5df3399
langcode: en
status: true
dependencies:
  module:
    - system
    - unity_search_pages
  theme:
    - horizoneuropeni_theme
id: sitesearchblock
theme: horizoneuropeni_theme
region: search
weight: 0
provider: null
plugin: site_search_block
settings:
  id: site_search_block
  label: 'Site search block'
  label_display: '0'
  provider: unity_search_pages
visibility:
  request_path:
    id: request_path
    negate: true
    pages: '/search*'
