uuid: 0daa7730-5e77-4f3d-9802-5d90c8c98768
langcode: en
status: true
dependencies:
  module:
    - system
    - unity_search_pages
  theme:
    - independentpaneltruthrecoveryni_theme
id: sitesearchblock
theme: independentpaneltruthrecoveryni_theme
region: search
weight: 0
provider: null
plugin: site_search_block
settings:
  id: site_search_block
  label: 'Site search block'
  label_display: '0'
  provider: unity_search_pages
visibility:
  request_path:
    id: request_path
    negate: true
    pages: '/search*'
