uuid: 1cf80745-e6f8-4ddf-bf97-c53280e6021a
langcode: en
status: true
dependencies:
  config:
    - block_content.type.basic_block
  module:
    - content_translation
third_party_settings:
  content_translation:
    enabled: true
    bundle_settings:
      untranslatable_fields_hide: '0'
id: block_content.basic_block
target_entity_type_id: block_content
target_bundle: basic_block
default_langcode: site_default
language_alterable: true
